
Microsoft Visual Studio Solution File, Format Version 12.00
# Visual Studio 15
VisualStudioVersion = 15.0.27428.2015
MinimumVisualStudioVersion = 10.0.40219.1
Project("{FAE04EC0-301F-11D3-BF4B-00C04F79EFBC}") = "StairEstate.Entity", "StairEstate.Entity\StairEstate.Entity.csproj", "{6C79B854-345F-427D-9997-28F2868ED120}"
EndProject
Project("{FAE04EC0-301F-11D3-BF4B-00C04F79EFBC}") = "StairEstate.Data", "StairEstate.Data\StairEstate.Data.csproj", "{7CCECA98-5B8B-43AE-85C8-49326561ED2B}"
EndProject
Project("{FAE04EC0-301F-11D3-BF4B-00C04F79EFBC}") = "StairEstate.Repo", "StairEstate.Repo\StairEstate.Repo.csproj", "{78E68249-767A-426B-B434-E290CF8371FA}"
EndProject
Project("{FAE04EC0-301F-11D3-BF4B-00C04F79EFBC}") = "StairEstate.Service", "StairEstate.Service\StairEstate.Service.csproj", "{D083AB67-4214-40DA-BEB0-CB3198D94956}"
EndProject
Project("{FAE04EC0-301F-11D3-BF4B-00C04F79EFBC}") = "StaitEstate.View", "StairEstate.View\StaitEstate.View.csproj", "{9BEFA0E1-0110-4C9D-9FE5-9171AF9EE6F5}"
EndProject
Global
	GlobalSection(SolutionConfigurationPlatforms) = preSolution
		Debug|Any CPU = Debug|Any CPU
		Release|Any CPU = Release|Any CPU
	EndGlobalSection
	GlobalSection(ProjectConfigurationPlatforms) = postSolution
		{6C79B854-345F-427D-9997-28F2868ED120}.Debug|Any CPU.ActiveCfg = Debug|Any CPU
		{6C79B854-345F-427D-9997-28F2868ED120}.Debug|Any CPU.Build.0 = Debug|Any CPU
		{6C79B854-345F-427D-9997-28F2868ED120}.Release|Any CPU.ActiveCfg = Release|Any CPU
		{6C79B854-345F-427D-9997-28F2868ED120}.Release|Any CPU.Build.0 = Release|Any CPU
		{7CCECA98-5B8B-43AE-85C8-49326561ED2B}.Debug|Any CPU.ActiveCfg = Debug|Any CPU
		{7CCECA98-5B8B-43AE-85C8-49326561ED2B}.Debug|Any CPU.Build.0 = Debug|Any CPU
		{7CCECA98-5B8B-43AE-85C8-49326561ED2B}.Release|Any CPU.ActiveCfg = Release|Any CPU
		{7CCECA98-5B8B-43AE-85C8-49326561ED2B}.Release|Any CPU.Build.0 = Release|Any CPU
		{78E68249-767A-426B-B434-E290CF8371FA}.Debug|Any CPU.ActiveCfg = Debug|Any CPU
		{78E68249-767A-426B-B434-E290CF8371FA}.Debug|Any CPU.Build.0 = Debug|Any CPU
		{78E68249-767A-426B-B434-E290CF8371FA}.Release|Any CPU.ActiveCfg = Release|Any CPU
		{78E68249-767A-426B-B434-E290CF8371FA}.Release|Any CPU.Build.0 = Release|Any CPU
		{D083AB67-4214-40DA-BEB0-CB3198D94956}.Debug|Any CPU.ActiveCfg = Debug|Any CPU
		{D083AB67-4214-40DA-BEB0-CB3198D94956}.Debug|Any CPU.Build.0 = Debug|Any CPU
		{D083AB67-4214-40DA-BEB0-CB3198D94956}.Release|Any CPU.ActiveCfg = Release|Any CPU
		{D083AB67-4214-40DA-BEB0-CB3198D94956}.Release|Any CPU.Build.0 = Release|Any CPU
		{9BEFA0E1-0110-4C9D-9FE5-9171AF9EE6F5}.Debug|Any CPU.ActiveCfg = Debug|Any CPU
		{9BEFA0E1-0110-4C9D-9FE5-9171AF9EE6F5}.Debug|Any CPU.Build.0 = Debug|Any CPU
		{9BEFA0E1-0110-4C9D-9FE5-9171AF9EE6F5}.Release|Any CPU.ActiveCfg = Release|Any CPU
		{9BEFA0E1-0110-4C9D-9FE5-9171AF9EE6F5}.Release|Any CPU.Build.0 = Release|Any CPU
	EndGlobalSection
	GlobalSection(SolutionProperties) = preSolution
		HideSolutionNode = FALSE
	EndGlobalSection
	GlobalSection(ExtensibilityGlobals) = postSolution
		SolutionGuid = {657407A4-1B1C-4AC7-BBD3-4A1D21ACEB4E}
	EndGlobalSection
EndGlobal
